
Microsoft Visual Studio Solution File, Format Version 12.00
# Visual Studio Version 16
VisualStudioVersion = 16.0.34031.81
MinimumVisualStudioVersion = 10.0.40219.1
Project("{2150E333-8FDC-42A3-9474-1A3956D46DE8}") = "Task0", "Task0", "{AA90DDD6-D116-47C9-986C-896AE7B55AB2}"
EndProject
Project("{FAE04EC0-301F-11D3-BF4B-00C04F79EFBC}") = "Tyuiu.SamarAA.Sprint5.Task0.V15", "Tyuiu.SamarAA.Sprint5.Task0.V15\Tyuiu.SamarAA.Sprint5.Task0.V15.csproj", "{3BB221DE-1A82-4778-A928-43DC32DB3AC3}"
EndProject
Project("{FAE04EC0-301F-11D3-BF4B-00C04F79EFBC}") = "Tyuiu.SamarAA.Sprint5.Task0.V15.Lib", "Tyuiu.SamarAA.Sprint5.Task0.V15.Lib\Tyuiu.SamarAA.Sprint5.Task0.V15.Lib.csproj", "{24B92A55-B469-4B9E-8CE1-47351822C061}"
EndProject
Project("{FAE04EC0-301F-11D3-BF4B-00C04F79EFBC}") = "Tyuiu.SamarAA.Sprint5.Task0.V15.Test", "Tyuiu.SamarAA.Sprint5.Task0.V15.Test\Tyuiu.SamarAA.Sprint5.Task0.V15.Test.csproj", "{A834B331-C8E3-4019-8FFA-43DE1409DE4B}"
EndProject
Project("{2150E333-8FDC-42A3-9474-1A3956D46DE8}") = "Task1", "Task1", "{8927DC0C-BD58-4A3D-9D76-135DC83ECD44}"
EndProject
Project("{FAE04EC0-301F-11D3-BF4B-00C04F79EFBC}") = "Tyuiu.SamarAA.Sprint5.Task1.V20", "Tyuiu.SamarAA.Sprint5.Task1.V20\Tyuiu.SamarAA.Sprint5.Task1.V20.csproj", "{0611CE73-7652-4776-AA88-AB878D166276}"
EndProject
Project("{FAE04EC0-301F-11D3-BF4B-00C04F79EFBC}") = "Tyuiu.SamarAA.Sprint5.Task1.V20.Lib", "Tyuiu.SamarAA.Sprint5.Task1.V20.Lib\Tyuiu.SamarAA.Sprint5.Task1.V20.Lib.csproj", "{6695EE3C-10CE-4278-BCC0-D52F53CF3002}"
EndProject
Project("{FAE04EC0-301F-11D3-BF4B-00C04F79EFBC}") = "Tyuiu.SamarAA.Sprint5.Task1.V20.Test", "Tyuiu.SamarAA.Sprint5.Task1.V20.Test\Tyuiu.SamarAA.Sprint5.Task1.V20.Test.csproj", "{647A83E0-8F1A-4185-A374-D150751411AD}"
EndProject
Project("{2150E333-8FDC-42A3-9474-1A3956D46DE8}") = "Task2", "Task2", "{54BDC88E-EB0F-4798-B844-629DF11DAC07}"
EndProject
Project("{FAE04EC0-301F-11D3-BF4B-00C04F79EFBC}") = "Tyuiu.SamarAA.Sprint5.Task2.V29", "Tyuiu.SamarAA.Sprint5.Task2.V29\Tyuiu.SamarAA.Sprint5.Task2.V29.csproj", "{2DC80FF8-38C9-493C-A3C5-2F80A0811296}"
EndProject
Project("{FAE04EC0-301F-11D3-BF4B-00C04F79EFBC}") = "Tyuiu.SamarAA.Sprint5.Task2.V29.Lib", "Tyuiu.SamarAA.Sprint5.Task2.V29.Lib\Tyuiu.SamarAA.Sprint5.Task2.V29.Lib.csproj", "{FF38D05A-DB0C-475B-A406-1CB3EF757676}"
EndProject
Project("{FAE04EC0-301F-11D3-BF4B-00C04F79EFBC}") = "Tyuiu.SamarAA.Sprint5.Task2.V29.Test", "Tyuiu.SamarAA.Sprint5.Task2.V29.Test\Tyuiu.SamarAA.Sprint5.Task2.V29.Test.csproj", "{FE083B71-B9DA-419C-8946-0D4EC89235C5}"
EndProject
Project("{2150E333-8FDC-42A3-9474-1A3956D46DE8}") = "Task3", "Task3", "{8BE386BD-188B-433B-9998-9C89E1A46BA3}"
EndProject
Project("{FAE04EC0-301F-11D3-BF4B-00C04F79EFBC}") = "Tyuiu.SamarAA.Sprint5.Task3.V18", "Tyuiu.SamarAA.Sprint5.Task3.V18\Tyuiu.SamarAA.Sprint5.Task3.V18.csproj", "{895AD3BB-2E03-40D8-9F08-0042E255BE63}"
EndProject
Project("{FAE04EC0-301F-11D3-BF4B-00C04F79EFBC}") = "Tyuiu.SamarAA.Sprint5.Task3.V18.Lib", "Tyuiu.SamarAA.Sprint5.Task3.V18.Lib\Tyuiu.SamarAA.Sprint5.Task3.V18.Lib.csproj", "{F63C7C51-E96B-4F60-96EC-52663EB30EFE}"
EndProject
Project("{FAE04EC0-301F-11D3-BF4B-00C04F79EFBC}") = "Tyuiu.SamarAA.Sprint5.Task3.V18.Test", "Tyuiu.SamarAA.Sprint5.Task3.V18.Test\Tyuiu.SamarAA.Sprint5.Task3.V18.Test.csproj", "{3261114A-C059-495A-BAF9-CDFBC3E79229}"
EndProject
Project("{2150E333-8FDC-42A3-9474-1A3956D46DE8}") = "Task4", "Task4", "{B5CF1094-1B0D-48AF-AF0C-247D0DF54D33}"
EndProject
Project("{FAE04EC0-301F-11D3-BF4B-00C04F79EFBC}") = "Tyuiu.SamarAA.Sprint5.Task4.V10", "Tyuiu.SamarAA.Sprint5.Task4.V10\Tyuiu.SamarAA.Sprint5.Task4.V10.csproj", "{51FD76A9-45CF-436A-8796-791FD00F6548}"
EndProject
Project("{FAE04EC0-301F-11D3-BF4B-00C04F79EFBC}") = "Tyuiu.SamarAA.Sprint5.Task4.V10.Lib", "Tyuiu.SamarAA.Sprint5.Task4.V10.Lib\Tyuiu.SamarAA.Sprint5.Task4.V10.Lib.csproj", "{3C830AE6-CDA7-4DDC-B9AE-5D8E6D6637C6}"
EndProject
Project("{FAE04EC0-301F-11D3-BF4B-00C04F79EFBC}") = "Tyuiu.SamarAA.Sprint5.Task4.V10.Test", "Tyuiu.SamarAA.Sprint5.Task4.V10.Test\Tyuiu.SamarAA.Sprint5.Task4.V10.Test.csproj", "{79E5D065-29C8-4AF0-9E3B-4703B5635D10}"
EndProject
Project("{2150E333-8FDC-42A3-9474-1A3956D46DE8}") = "Task5", "Task5", "{950FBCED-76A6-44F8-A778-16782D105A6E}"
EndProject
Project("{FAE04EC0-301F-11D3-BF4B-00C04F79EFBC}") = "Tyuiu.SamarAA.Sprint5.Task5.V9", "Tyuiu.SamarAA.Sprint5.Task5.V9\Tyuiu.SamarAA.Sprint5.Task5.V9.csproj", "{A677B3E3-1733-4515-BB57-A9F19DDB58D1}"
EndProject
Project("{FAE04EC0-301F-11D3-BF4B-00C04F79EFBC}") = "Tyuiu.SamarAA.Sprint5.Task5.V9.Lib", "Tyuiu.SamarAA.Sprint5.Task5.V9.Lib\Tyuiu.SamarAA.Sprint5.Task5.V9.Lib.csproj", "{05734E71-E43B-4CA1-ACA1-D7A0B1E4BD1B}"
EndProject
Project("{FAE04EC0-301F-11D3-BF4B-00C04F79EFBC}") = "Tyuiu.SamarAA.Sprint5.Task5.V9.Test", "Tyuiu.SamarAA.Sprint5.Task5.V9.Test\Tyuiu.SamarAA.Sprint5.Task5.V9.Test.csproj", "{ABF01DD0-855B-49B4-8AD7-1AEEE0BF2B2A}"
EndProject
Project("{2150E333-8FDC-42A3-9474-1A3956D46DE8}") = "Task6", "Task6", "{99A89694-41C6-4D2D-86D8-F08DA4000ADB}"
EndProject
Project("{FAE04EC0-301F-11D3-BF4B-00C04F79EFBC}") = "Tyuiu.SamarAA.Sprint5.Task6.V26", "Tyuiu.SamarAA.Sprint5.Task6.V26\Tyuiu.SamarAA.Sprint5.Task6.V26.csproj", "{A094D322-10CF-4B05-9B8F-47E5CF0E1E2F}"
EndProject
Project("{FAE04EC0-301F-11D3-BF4B-00C04F79EFBC}") = "Tyuiu.SamarAA.Sprint5.Task6.V26.Lib", "Tyuiu.SamarAA.Sprint5.Task6.V26.Lib\Tyuiu.SamarAA.Sprint5.Task6.V26.Lib.csproj", "{89340342-621E-4BB9-BC7D-FF7BD929684C}"
EndProject
Project("{FAE04EC0-301F-11D3-BF4B-00C04F79EFBC}") = "Tyuiu.SamarAA.Sprint5.Task6.V26.Test", "Tyuiu.SamarAA.Sprint5.Task6.V26.Test\Tyuiu.SamarAA.Sprint5.Task6.V26.Test.csproj", "{4178F593-2EE0-476A-9C28-2FC106252744}"
EndProject
Project("{2150E333-8FDC-42A3-9474-1A3956D46DE8}") = "Task7", "Task7", "{8FB3176F-5318-4BC5-9756-3689EF95E2B9}"
EndProject
Project("{FAE04EC0-301F-11D3-BF4B-00C04F79EFBC}") = "Tyuiu.SamarAA.Sprint5.Task7.V16", "Tyuiu.SamarAA.Sprint5.Task7.V16\Tyuiu.SamarAA.Sprint5.Task7.V16.csproj", "{1C98A112-95AA-4727-923A-EB557B06BD6B}"
EndProject
Project("{FAE04EC0-301F-11D3-BF4B-00C04F79EFBC}") = "Tyuiu.SamarAA.Sprint5.Task7.V16.Lib", "Tyuiu.SamarAA.Sprint5.Task7.V16.Lib\Tyuiu.SamarAA.Sprint5.Task7.V16.Lib.csproj", "{C40E8452-9513-4250-AD74-FB62B861C876}"
EndProject
Project("{FAE04EC0-301F-11D3-BF4B-00C04F79EFBC}") = "Tyuiu.SamarAA.Sprint5.Task7.V16.Test", "Tyuiu.SamarAA.Sprint5.Task7.V16.Test\Tyuiu.SamarAA.Sprint5.Task7.V16.Test.csproj", "{1B22A2C6-D268-4102-8F52-C74A6F73969E}"
EndProject
Global
	GlobalSection(SolutionConfigurationPlatforms) = preSolution
		Debug|Any CPU = Debug|Any CPU
		Release|Any CPU = Release|Any CPU
	EndGlobalSection
	GlobalSection(ProjectConfigurationPlatforms) = postSolution
		{3BB221DE-1A82-4778-A928-43DC32DB3AC3}.Debug|Any CPU.ActiveCfg = Debug|Any CPU
		{3BB221DE-1A82-4778-A928-43DC32DB3AC3}.Debug|Any CPU.Build.0 = Debug|Any CPU
		{3BB221DE-1A82-4778-A928-43DC32DB3AC3}.Release|Any CPU.ActiveCfg = Release|Any CPU
		{3BB221DE-1A82-4778-A928-43DC32DB3AC3}.Release|Any CPU.Build.0 = Release|Any CPU
		{24B92A55-B469-4B9E-8CE1-47351822C061}.Debug|Any CPU.ActiveCfg = Debug|Any CPU
		{24B92A55-B469-4B9E-8CE1-47351822C061}.Debug|Any CPU.Build.0 = Debug|Any CPU
		{24B92A55-B469-4B9E-8CE1-47351822C061}.Release|Any CPU.ActiveCfg = Release|Any CPU
		{24B92A55-B469-4B9E-8CE1-47351822C061}.Release|Any CPU.Build.0 = Release|Any CPU
		{A834B331-C8E3-4019-8FFA-43DE1409DE4B}.Debug|Any CPU.ActiveCfg = Debug|Any CPU
		{A834B331-C8E3-4019-8FFA-43DE1409DE4B}.Debug|Any CPU.Build.0 = Debug|Any CPU
		{A834B331-C8E3-4019-8FFA-43DE1409DE4B}.Release|Any CPU.ActiveCfg = Release|Any CPU
		{A834B331-C8E3-4019-8FFA-43DE1409DE4B}.Release|Any CPU.Build.0 = Release|Any CPU
		{0611CE73-7652-4776-AA88-AB878D166276}.Debug|Any CPU.ActiveCfg = Debug|Any CPU
		{0611CE73-7652-4776-AA88-AB878D166276}.Debug|Any CPU.Build.0 = Debug|Any CPU
		{0611CE73-7652-4776-AA88-AB878D166276}.Release|Any CPU.ActiveCfg = Release|Any CPU
		{0611CE73-7652-4776-AA88-AB878D166276}.Release|Any CPU.Build.0 = Release|Any CPU
		{6695EE3C-10CE-4278-BCC0-D52F53CF3002}.Debug|Any CPU.ActiveCfg = Debug|Any CPU
		{6695EE3C-10CE-4278-BCC0-D52F53CF3002}.Debug|Any CPU.Build.0 = Debug|Any CPU
		{6695EE3C-10CE-4278-BCC0-D52F53CF3002}.Release|Any CPU.ActiveCfg = Release|Any CPU
		{6695EE3C-10CE-4278-BCC0-D52F53CF3002}.Release|Any CPU.Build.0 = Release|Any CPU
		{647A83E0-8F1A-4185-A374-D150751411AD}.Debug|Any CPU.ActiveCfg = Debug|Any CPU
		{647A83E0-8F1A-4185-A374-D150751411AD}.Debug|Any CPU.Build.0 = Debug|Any CPU
		{647A83E0-8F1A-4185-A374-D150751411AD}.Release|Any CPU.ActiveCfg = Release|Any CPU
		{647A83E0-8F1A-4185-A374-D150751411AD}.Release|Any CPU.Build.0 = Release|Any CPU
		{2DC80FF8-38C9-493C-A3C5-2F80A0811296}.Debug|Any CPU.ActiveCfg = Debug|Any CPU
		{2DC80FF8-38C9-493C-A3C5-2F80A0811296}.Debug|Any CPU.Build.0 = Debug|Any CPU
		{2DC80FF8-38C9-493C-A3C5-2F80A0811296}.Release|Any CPU.ActiveCfg = Release|Any CPU
		{2DC80FF8-38C9-493C-A3C5-2F80A0811296}.Release|Any CPU.Build.0 = Release|Any CPU
		{FF38D05A-DB0C-475B-A406-1CB3EF757676}.Debug|Any CPU.ActiveCfg = Debug|Any CPU
		{FF38D05A-DB0C-475B-A406-1CB3EF757676}.Debug|Any CPU.Build.0 = Debug|Any CPU
		{FF38D05A-DB0C-475B-A406-1CB3EF757676}.Release|Any CPU.ActiveCfg = Release|Any CPU
		{FF38D05A-DB0C-475B-A406-1CB3EF757676}.Release|Any CPU.Build.0 = Release|Any CPU
		{FE083B71-B9DA-419C-8946-0D4EC89235C5}.Debug|Any CPU.ActiveCfg = Debug|Any CPU
		{FE083B71-B9DA-419C-8946-0D4EC89235C5}.Debug|Any CPU.Build.0 = Debug|Any CPU
		{FE083B71-B9DA-419C-8946-0D4EC89235C5}.Release|Any CPU.ActiveCfg = Release|Any CPU
		{FE083B71-B9DA-419C-8946-0D4EC89235C5}.Release|Any CPU.Build.0 = Release|Any CPU
		{895AD3BB-2E03-40D8-9F08-0042E255BE63}.Debug|Any CPU.ActiveCfg = Debug|Any CPU
		{895AD3BB-2E03-40D8-9F08-0042E255BE63}.Debug|Any CPU.Build.0 = Debug|Any CPU
		{895AD3BB-2E03-40D8-9F08-0042E255BE63}.Release|Any CPU.ActiveCfg = Release|Any CPU
		{895AD3BB-2E03-40D8-9F08-0042E255BE63}.Release|Any CPU.Build.0 = Release|Any CPU
		{F63C7C51-E96B-4F60-96EC-52663EB30EFE}.Debug|Any CPU.ActiveCfg = Debug|Any CPU
		{F63C7C51-E96B-4F60-96EC-52663EB30EFE}.Debug|Any CPU.Build.0 = Debug|Any CPU
		{F63C7C51-E96B-4F60-96EC-52663EB30EFE}.Release|Any CPU.ActiveCfg = Release|Any CPU
		{F63C7C51-E96B-4F60-96EC-52663EB30EFE}.Release|Any CPU.Build.0 = Release|Any CPU
		{3261114A-C059-495A-BAF9-CDFBC3E79229}.Debug|Any CPU.ActiveCfg = Debug|Any CPU
		{3261114A-C059-495A-BAF9-CDFBC3E79229}.Debug|Any CPU.Build.0 = Debug|Any CPU
		{3261114A-C059-495A-BAF9-CDFBC3E79229}.Release|Any CPU.ActiveCfg = Release|Any CPU
		{3261114A-C059-495A-BAF9-CDFBC3E79229}.Release|Any CPU.Build.0 = Release|Any CPU
		{51FD76A9-45CF-436A-8796-791FD00F6548}.Debug|Any CPU.ActiveCfg = Debug|Any CPU
		{51FD76A9-45CF-436A-8796-791FD00F6548}.Debug|Any CPU.Build.0 = Debug|Any CPU
		{51FD76A9-45CF-436A-8796-791FD00F6548}.Release|Any CPU.ActiveCfg = Release|Any CPU
		{51FD76A9-45CF-436A-8796-791FD00F6548}.Release|Any CPU.Build.0 = Release|Any CPU
		{3C830AE6-CDA7-4DDC-B9AE-5D8E6D6637C6}.Debug|Any CPU.ActiveCfg = Debug|Any CPU
		{3C830AE6-CDA7-4DDC-B9AE-5D8E6D6637C6}.Debug|Any CPU.Build.0 = Debug|Any CPU
		{3C830AE6-CDA7-4DDC-B9AE-5D8E6D6637C6}.Release|Any CPU.ActiveCfg = Release|Any CPU
		{3C830AE6-CDA7-4DDC-B9AE-5D8E6D6637C6}.Release|Any CPU.Build.0 = Release|Any CPU
		{79E5D065-29C8-4AF0-9E3B-4703B5635D10}.Debug|Any CPU.ActiveCfg = Debug|Any CPU
		{79E5D065-29C8-4AF0-9E3B-4703B5635D10}.Debug|Any CPU.Build.0 = Debug|Any CPU
		{79E5D065-29C8-4AF0-9E3B-4703B5635D10}.Release|Any CPU.ActiveCfg = Release|Any CPU
		{79E5D065-29C8-4AF0-9E3B-4703B5635D10}.Release|Any CPU.Build.0 = Release|Any CPU
		{A677B3E3-1733-4515-BB57-A9F19DDB58D1}.Debug|Any CPU.ActiveCfg = Debug|Any CPU
		{A677B3E3-1733-4515-BB57-A9F19DDB58D1}.Debug|Any CPU.Build.0 = Debug|Any CPU
		{A677B3E3-1733-4515-BB57-A9F19DDB58D1}.Release|Any CPU.ActiveCfg = Release|Any CPU
		{A677B3E3-1733-4515-BB57-A9F19DDB58D1}.Release|Any CPU.Build.0 = Release|Any CPU
		{05734E71-E43B-4CA1-ACA1-D7A0B1E4BD1B}.Debug|Any CPU.ActiveCfg = Debug|Any CPU
		{05734E71-E43B-4CA1-ACA1-D7A0B1E4BD1B}.Debug|Any CPU.Build.0 = Debug|Any CPU
		{05734E71-E43B-4CA1-ACA1-D7A0B1E4BD1B}.Release|Any CPU.ActiveCfg = Release|Any CPU
		{05734E71-E43B-4CA1-ACA1-D7A0B1E4BD1B}.Release|Any CPU.Build.0 = Release|Any CPU
		{ABF01DD0-855B-49B4-8AD7-1AEEE0BF2B2A}.Debug|Any CPU.ActiveCfg = Debug|Any CPU
		{ABF01DD0-855B-49B4-8AD7-1AEEE0BF2B2A}.Debug|Any CPU.Build.0 = Debug|Any CPU
		{ABF01DD0-855B-49B4-8AD7-1AEEE0BF2B2A}.Release|Any CPU.ActiveCfg = Release|Any CPU
		{ABF01DD0-855B-49B4-8AD7-1AEEE0BF2B2A}.Release|Any CPU.Build.0 = Release|Any CPU
		{A094D322-10CF-4B05-9B8F-47E5CF0E1E2F}.Debug|Any CPU.ActiveCfg = Debug|Any CPU
		{A094D322-10CF-4B05-9B8F-47E5CF0E1E2F}.Debug|Any CPU.Build.0 = Debug|Any CPU
		{A094D322-10CF-4B05-9B8F-47E5CF0E1E2F}.Release|Any CPU.ActiveCfg = Release|Any CPU
		{A094D322-10CF-4B05-9B8F-47E5CF0E1E2F}.Release|Any CPU.Build.0 = Release|Any CPU
		{89340342-621E-4BB9-BC7D-FF7BD929684C}.Debug|Any CPU.ActiveCfg = Debug|Any CPU
		{89340342-621E-4BB9-BC7D-FF7BD929684C}.Debug|Any CPU.Build.0 = Debug|Any CPU
		{89340342-621E-4BB9-BC7D-FF7BD929684C}.Release|Any CPU.ActiveCfg = Release|Any CPU
		{89340342-621E-4BB9-BC7D-FF7BD929684C}.Release|Any CPU.Build.0 = Release|Any CPU
		{4178F593-2EE0-476A-9C28-2FC106252744}.Debug|Any CPU.ActiveCfg = Debug|Any CPU
		{4178F593-2EE0-476A-9C28-2FC106252744}.Debug|Any CPU.Build.0 = Debug|Any CPU
		{4178F593-2EE0-476A-9C28-2FC106252744}.Release|Any CPU.ActiveCfg = Release|Any CPU
		{4178F593-2EE0-476A-9C28-2FC106252744}.Release|Any CPU.Build.0 = Release|Any CPU
		{1C98A112-95AA-4727-923A-EB557B06BD6B}.Debug|Any CPU.ActiveCfg = Debug|Any CPU
		{1C98A112-95AA-4727-923A-EB557B06BD6B}.Debug|Any CPU.Build.0 = Debug|Any CPU
		{1C98A112-95AA-4727-923A-EB557B06BD6B}.Release|Any CPU.ActiveCfg = Release|Any CPU
		{1C98A112-95AA-4727-923A-EB557B06BD6B}.Release|Any CPU.Build.0 = Release|Any CPU
		{C40E8452-9513-4250-AD74-FB62B861C876}.Debug|Any CPU.ActiveCfg = Debug|Any CPU
		{C40E8452-9513-4250-AD74-FB62B861C876}.Debug|Any CPU.Build.0 = Debug|Any CPU
		{C40E8452-9513-4250-AD74-FB62B861C876}.Release|Any CPU.ActiveCfg = Release|Any CPU
		{C40E8452-9513-4250-AD74-FB62B861C876}.Release|Any CPU.Build.0 = Release|Any CPU
		{1B22A2C6-D268-4102-8F52-C74A6F73969E}.Debug|Any CPU.ActiveCfg = Debug|Any CPU
		{1B22A2C6-D268-4102-8F52-C74A6F73969E}.Debug|Any CPU.Build.0 = Debug|Any CPU
		{1B22A2C6-D268-4102-8F52-C74A6F73969E}.Release|Any CPU.ActiveCfg = Release|Any CPU
		{1B22A2C6-D268-4102-8F52-C74A6F73969E}.Release|Any CPU.Build.0 = Release|Any CPU
	EndGlobalSection
	GlobalSection(SolutionProperties) = preSolution
		HideSolutionNode = FALSE
	EndGlobalSection
	GlobalSection(NestedProjects) = preSolution
		{3BB221DE-1A82-4778-A928-43DC32DB3AC3} = {AA90DDD6-D116-47C9-986C-896AE7B55AB2}
		{24B92A55-B469-4B9E-8CE1-47351822C061} = {AA90DDD6-D116-47C9-986C-896AE7B55AB2}
		{A834B331-C8E3-4019-8FFA-43DE1409DE4B} = {AA90DDD6-D116-47C9-986C-896AE7B55AB2}
		{0611CE73-7652-4776-AA88-AB878D166276} = {8927DC0C-BD58-4A3D-9D76-135DC83ECD44}
		{6695EE3C-10CE-4278-BCC0-D52F53CF3002} = {8927DC0C-BD58-4A3D-9D76-135DC83ECD44}
		{647A83E0-8F1A-4185-A374-D150751411AD} = {8927DC0C-BD58-4A3D-9D76-135DC83ECD44}
		{2DC80FF8-38C9-493C-A3C5-2F80A0811296} = {54BDC88E-EB0F-4798-B844-629DF11DAC07}
		{FF38D05A-DB0C-475B-A406-1CB3EF757676} = {54BDC88E-EB0F-4798-B844-629DF11DAC07}
		{FE083B71-B9DA-419C-8946-0D4EC89235C5} = {54BDC88E-EB0F-4798-B844-629DF11DAC07}
		{895AD3BB-2E03-40D8-9F08-0042E255BE63} = {8BE386BD-188B-433B-9998-9C89E1A46BA3}
		{F63C7C51-E96B-4F60-96EC-52663EB30EFE} = {8BE386BD-188B-433B-9998-9C89E1A46BA3}
		{3261114A-C059-495A-BAF9-CDFBC3E79229} = {8BE386BD-188B-433B-9998-9C89E1A46BA3}
		{51FD76A9-45CF-436A-8796-791FD00F6548} = {B5CF1094-1B0D-48AF-AF0C-247D0DF54D33}
		{3C830AE6-CDA7-4DDC-B9AE-5D8E6D6637C6} = {B5CF1094-1B0D-48AF-AF0C-247D0DF54D33}
		{79E5D065-29C8-4AF0-9E3B-4703B5635D10} = {B5CF1094-1B0D-48AF-AF0C-247D0DF54D33}
		{A677B3E3-1733-4515-BB57-A9F19DDB58D1} = {950FBCED-76A6-44F8-A778-16782D105A6E}
		{05734E71-E43B-4CA1-ACA1-D7A0B1E4BD1B} = {950FBCED-76A6-44F8-A778-16782D105A6E}
		{ABF01DD0-855B-49B4-8AD7-1AEEE0BF2B2A} = {950FBCED-76A6-44F8-A778-16782D105A6E}
		{A094D322-10CF-4B05-9B8F-47E5CF0E1E2F} = {99A89694-41C6-4D2D-86D8-F08DA4000ADB}
		{89340342-621E-4BB9-BC7D-FF7BD929684C} = {99A89694-41C6-4D2D-86D8-F08DA4000ADB}
		{4178F593-2EE0-476A-9C28-2FC106252744} = {99A89694-41C6-4D2D-86D8-F08DA4000ADB}
		{1C98A112-95AA-4727-923A-EB557B06BD6B} = {8FB3176F-5318-4BC5-9756-3689EF95E2B9}
		{C40E8452-9513-4250-AD74-FB62B861C876} = {8FB3176F-5318-4BC5-9756-3689EF95E2B9}
		{1B22A2C6-D268-4102-8F52-C74A6F73969E} = {8FB3176F-5318-4BC5-9756-3689EF95E2B9}
	EndGlobalSection
	GlobalSection(ExtensibilityGlobals) = postSolution
		SolutionGuid = {D490C8DD-40EF-486B-BA3E-F14FA862041A}
	EndGlobalSection
EndGlobal
